PODS:
  - cocos2d (2.1):
    - cocos2d/CocosDenshion (= 2.1)
  - cocos2d/CocosDenshion (2.1)

DEPENDENCIES:
  - cocos2d

SPEC REPOS:
  trunk:
    - cocos2d

SPEC CHECKSUMS:
  cocos2d: 445b568e7ce37c6a2c9f6c0fa3cb23f6348f19fb

PODFILE CHECKSUM: 46d0d6df3c7bfab8a079a51d1c01d330397fda57

COCOAPODS: 1.10.0
